<?xml version="1.0" encoding="utf-8"?>
<Project ToolsVersion="4.0" xmlns="http://schemas.microsoft.com/developer/msbuild/2003">
  <ItemGroup>
    <Filter Include="Source">
      <UniqueIdentifier>{4FC737F1-C7A5-4376-A066-2A32D752A2FF}</UniqueIdentifier>
      <Extensions>cpp;c;cc;cxx;def;odl;idl;hpj;bat;asm;asmx</Extensions>
    </Filter>
    <Filter Include="H">
      <UniqueIdentifier>{93995380-89BD-4b04-88EB-625FBE52EBFB}</UniqueIdentifier>
      <Extensions>h;hpp;hxx;hm;inl;inc;xsd</Extensions>
    </Filter>
    <Filter Include="H\_">
      <UniqueIdentifier>{3af9128d-698e-4b48-8409-2b2192b830c3}</UniqueIdentifier>
    </Filter>
    <Filter Include="H\Math">
      <UniqueIdentifier>{20d1dc90-0430-4ccb-b029-b4bea978e598}</UniqueIdentifier>
    </Filter>
    <Filter Include="H\Gui">
      <UniqueIdentifier>{22dde533-ddd6-4a5e-a2af-16fd75d0dca8}</UniqueIdentifier>
    </Filter>
    <Filter Include="H\Mesh">
      <UniqueIdentifier>{6260df40-e0a2-46e8-8209-48d7a89b8e72}</UniqueIdentifier>
    </Filter>
    <Filter Include="H\Misc">
      <UniqueIdentifier>{95850775-2b9b-4677-adbe-7c0cae62d711}</UniqueIdentifier>
    </Filter>
    <Filter Include="H\Physics">
      <UniqueIdentifier>{0ff1c863-ccf8-4946-957d-5a0656d48994}</UniqueIdentifier>
    </Filter>
    <Filter Include="H\Sound">
      <UniqueIdentifier>{3e4cc02f-dcca-4533-b9f2-8edf42247782}</UniqueIdentifier>
    </Filter>
    <Filter Include="H\Graphics">
      <UniqueIdentifier>{e04ab064-7d31-47a0-be09-df1a2f435edc}</UniqueIdentifier>
    </Filter>
    <Filter Include="H\Net">
      <UniqueIdentifier>{bb8a58d3-83d6-41d7-bb53-09d87c757ae9}</UniqueIdentifier>
    </Filter>
    <Filter Include="H\Game">
      <UniqueIdentifier>{e95d3b3f-36da-41eb-818a-7682dee0a7d7}</UniqueIdentifier>
    </Filter>
    <Filter Include="H\Animation">
      <UniqueIdentifier>{db565bf6-1b92-4283-8fe9-8c792dc9774c}</UniqueIdentifier>
    </Filter>
    <Filter Include="H\File">
      <UniqueIdentifier>{f7d1314d-34e6-47f0-954b-c05ea92edd6e}</UniqueIdentifier>
    </Filter>
    <Filter Include="H\Input">
      <UniqueIdentifier>{66d62e5a-f9d9-4784-8541-c48ec797cbb2}</UniqueIdentifier>
    </Filter>
    <Filter Include="H\Math\Shapes">
      <UniqueIdentifier>{0712b0b4-b54f-47a0-8be7-f2d4c14f352c}</UniqueIdentifier>
    </Filter>
    <Filter Include="H\Memory">
      <UniqueIdentifier>{38406c44-8a2f-4fa7-83e9-583cb0fa8e20}</UniqueIdentifier>
    </Filter>
    <Filter Include="H\_\Extra">
      <UniqueIdentifier>{afc808d5-08f7-4163-9fdf-a041b4ed643f}</UniqueIdentifier>
    </Filter>
    <Filter Include="H\_\Extra\Edit">
      <UniqueIdentifier>{07ecf6a1-6eb1-47ad-ba6b-44d36176158c}</UniqueIdentifier>
    </Filter>
    <Filter Include="H\_\Extra\Edit\World">
      <UniqueIdentifier>{f7e1b198-adb2-489e-bd03-f86fc4d63147}</UniqueIdentifier>
    </Filter>
    <Filter Include="H\_\Extra\Mesh">
      <UniqueIdentifier>{b1e8f32a-02ee-4dc8-a7a8-fc6a6b47eaf5}</UniqueIdentifier>
    </Filter>
    <Filter Include="H\_\Extra\File">
      <UniqueIdentifier>{c4f39023-7c4f-4fc4-be16-fa7ce3f3378b}</UniqueIdentifier>
    </Filter>
    <Filter Include="H\_\Extra\Animation">
      <UniqueIdentifier>{5eb9180e-e9a3-40c0-9202-b26383a84709}</UniqueIdentifier>
    </Filter>
    <Filter Include="H\_\Extra\Memory">
      <UniqueIdentifier>{6247db94-c833-48f7-bb0f-ab75bd8c108f}</UniqueIdentifier>
    </Filter>
    <Filter Include="H\_\Extra\Math">
      <UniqueIdentifier>{d3d96beb-f690-4016-8ce6-f914d0d22b91}</UniqueIdentifier>
    </Filter>
    <Filter Include="H\_\Extra\Misc">
      <UniqueIdentifier>{d3333dc1-59b9-462b-a2cc-e0a69c781518}</UniqueIdentifier>
    </Filter>
    <Filter Include="H\Game\Objects">
      <UniqueIdentifier>{8fe24224-a98a-4568-ac1c-27705b27d12f}</UniqueIdentifier>
    </Filter>
    <Filter Include="H\Gui\Objects">
      <UniqueIdentifier>{f3162aba-392e-4d4a-9557-eaa0b936928e}</UniqueIdentifier>
    </Filter>
    <Filter Include="H\_\Extra\Net">
      <UniqueIdentifier>{e7d8211d-7980-4d69-b3db-01818ff041b3}</UniqueIdentifier>
    </Filter>
  </ItemGroup>
  <ItemGroup>
    <ClCompile Include="stdafx.cpp">
      <Filter>H\_\Extra</Filter>
    </ClCompile>
    <ClCompile Include="Source\main.cpp">
      <Filter>Source</Filter>
    </ClCompile>
  </ItemGroup>
  <ItemGroup>
    <ClInclude Include="..\Installation\EsenthelEngine\EsenthelEngine.h">
      <Filter>H</Filter>
    </ClInclude>
    <ClInclude Include="..\Installation\EsenthelEngine\_\defines.h">
      <Filter>H\_</Filter>
    </ClInclude>
    <ClInclude Include="..\Installation\EsenthelEngine\_\types.h">
      <Filter>H\_</Filter>
    </ClInclude>
    <ClInclude Include="..\Installation\EsenthelEngine\Mesh\Mesh Base.h">
      <Filter>H\Mesh</Filter>
    </ClInclude>
    <ClInclude Include="..\Installation\EsenthelEngine\Mesh\Mesh Csg.h">
      <Filter>H\Mesh</Filter>
    </ClInclude>
    <ClInclude Include="..\Installation\EsenthelEngine\Mesh\Mesh Cuts.h">
      <Filter>H\Mesh</Filter>
    </ClInclude>
    <ClInclude Include="..\Installation\EsenthelEngine\Mesh\Mesh Lod.h">
      <Filter>H\Mesh</Filter>
    </ClInclude>
    <ClInclude Include="..\Installation\EsenthelEngine\Mesh\Mesh Mesh.h">
      <Filter>H\Mesh</Filter>
    </ClInclude>
    <ClInclude Include="..\Installation\EsenthelEngine\Mesh\Mesh Overlay.h">
      <Filter>H\Mesh</Filter>
    </ClInclude>
    <ClInclude Include="..\Installation\EsenthelEngine\Mesh\Mesh Part.h">
      <Filter>H\Mesh</Filter>
    </ClInclude>
    <ClInclude Include="..\Installation\EsenthelEngine\Physics\Actor.h">
      <Filter>H\Physics</Filter>
    </ClInclude>
    <ClInclude Include="..\Installation\EsenthelEngine\Physics\Cloth.h">
      <Filter>H\Physics</Filter>
    </ClInclude>
    <ClInclude Include="..\Installation\EsenthelEngine\Physics\Controller.h">
      <Filter>H\Physics</Filter>
    </ClInclude>
    <ClInclude Include="..\Installation\EsenthelEngine\Physics\Destruct Mesh.h">
      <Filter>H\Physics</Filter>
    </ClInclude>
    <ClInclude Include="..\Installation\EsenthelEngine\Physics\Grab.h">
      <Filter>H\Physics</Filter>
    </ClInclude>
    <ClInclude Include="..\Installation\EsenthelEngine\Physics\Joint.h">
      <Filter>H\Physics</Filter>
    </ClInclude>
    <ClInclude Include="..\Installation\EsenthelEngine\Physics\Phys Body.h">
      <Filter>H\Physics</Filter>
    </ClInclude>
    <ClInclude Include="..\Installation\EsenthelEngine\Physics\Physics.h">
      <Filter>H\Physics</Filter>
    </ClInclude>
    <ClInclude Include="..\Installation\EsenthelEngine\Physics\Ragdoll.h">
      <Filter>H\Physics</Filter>
    </ClInclude>
    <ClInclude Include="..\Installation\EsenthelEngine\Physics\Soft Body.h">
      <Filter>H\Physics</Filter>
    </ClInclude>
    <ClInclude Include="..\Installation\EsenthelEngine\Physics\Wheel.h">
      <Filter>H\Physics</Filter>
    </ClInclude>
    <ClInclude Include="..\Installation\EsenthelEngine\Sound\App Volume.h">
      <Filter>H\Sound</Filter>
    </ClInclude>
    <ClInclude Include="..\Installation\EsenthelEngine\Sound\Music.h">
      <Filter>H\Sound</Filter>
    </ClInclude>
    <ClInclude Include="..\Installation\EsenthelEngine\Sound\Sound.h">
      <Filter>H\Sound</Filter>
    </ClInclude>
    <ClInclude Include="..\Installation\EsenthelEngine\Graphics\Clouds.h">
      <Filter>H\Graphics</Filter>
    </ClInclude>
    <ClInclude Include="..\Installation\EsenthelEngine\Graphics\Color.h">
      <Filter>H\Graphics</Filter>
    </ClInclude>
    <ClInclude Include="..\Installation\EsenthelEngine\Graphics\Display Draw.h">
      <Filter>H\Graphics</Filter>
    </ClInclude>
    <ClInclude Include="..\Installation\EsenthelEngine\Graphics\Display State.h">
      <Filter>H\Graphics</Filter>
    </ClInclude>
    <ClInclude Include="..\Installation\EsenthelEngine\Graphics\Display.h">
      <Filter>H\Graphics</Filter>
    </ClInclude>
    <ClInclude Include="..\Installation\EsenthelEngine\Graphics\Effects 2D.h">
      <Filter>H\Graphics</Filter>
    </ClInclude>
    <ClInclude Include="..\Installation\EsenthelEngine\Graphics\Effects 3D.h">
      <Filter>H\Graphics</Filter>
    </ClInclude>
    <ClInclude Include="..\Installation\EsenthelEngine\Graphics\Fog.h">
      <Filter>H\Graphics</Filter>
    </ClInclude>
    <ClInclude Include="..\Installation\EsenthelEngine\Graphics\Image.h">
      <Filter>H\Graphics</Filter>
    </ClInclude>
    <ClInclude Include="..\Installation\EsenthelEngine\Graphics\Light.h">
      <Filter>H\Graphics</Filter>
    </ClInclude>
    <ClInclude Include="..\Installation\EsenthelEngine\Graphics\Material.h">
      <Filter>H\Graphics</Filter>
    </ClInclude>
    <ClInclude Include="..\Installation\EsenthelEngine\Graphics\Particle.h">
      <Filter>H\Graphics</Filter>
    </ClInclude>
    <ClInclude Include="..\Installation\EsenthelEngine\Graphics\Renderer.h">
      <Filter>H\Graphics</Filter>
    </ClInclude>
    <ClInclude Include="..\Installation\EsenthelEngine\Graphics\Shader.h">
      <Filter>H\Graphics</Filter>
    </ClInclude>
    <ClInclude Include="..\Installation\EsenthelEngine\Graphics\Sky.h">
      <Filter>H\Graphics</Filter>
    </ClInclude>
    <ClInclude Include="..\Installation\EsenthelEngine\Graphics\Sun.h">
      <Filter>H\Graphics</Filter>
    </ClInclude>
    <ClInclude Include="..\Installation\EsenthelEngine\Graphics\Vertex Index Buffer.h">
      <Filter>H\Graphics</Filter>
    </ClInclude>
    <ClInclude Include="..\Installation\EsenthelEngine\Graphics\Water.h">
      <Filter>H\Graphics</Filter>
    </ClInclude>
    <ClInclude Include="..\Installation\EsenthelEngine\Net\Connection.h">
      <Filter>H\Net</Filter>
    </ClInclude>
    <ClInclude Include="..\Installation\EsenthelEngine\Net\Download.h">
      <Filter>H\Net</Filter>
    </ClInclude>
    <ClInclude Include="..\Installation\EsenthelEngine\Net\Ftp.h">
      <Filter>H\Net</Filter>
    </ClInclude>
    <ClInclude Include="..\Installation\EsenthelEngine\Net\Net Object.h">
      <Filter>H\Net</Filter>
    </ClInclude>
    <ClInclude Include="..\Installation\EsenthelEngine\Net\Net World.h">
      <Filter>H\Net</Filter>
    </ClInclude>
    <ClInclude Include="..\Installation\EsenthelEngine\Animation\Animation.h">
      <Filter>H\Animation</Filter>
    </ClInclude>
    <ClInclude Include="..\Installation\EsenthelEngine\Animation\Motion.h">
      <Filter>H\Animation</Filter>
    </ClInclude>
    <ClInclude Include="..\Installation\EsenthelEngine\Animation\Skeleton.h">
      <Filter>H\Animation</Filter>
    </ClInclude>
    <ClInclude Include="..\Installation\EsenthelEngine\Edit\Edit Mode.h">
      <Filter>H\_\Extra\Edit</Filter>
    </ClInclude>
    <ClInclude Include="..\Installation\EsenthelEngine\Edit\Environment Options.h">
      <Filter>H\_\Extra\Edit</Filter>
    </ClInclude>
    <ClInclude Include="..\Installation\EsenthelEngine\Edit\World\WE Area.h">
      <Filter>H\_\Extra\Edit\World</Filter>
    </ClInclude>
    <ClInclude Include="..\Installation\EsenthelEngine\Edit\World\WE Brush.h">
      <Filter>H\_\Extra\Edit\World</Filter>
    </ClInclude>
    <ClInclude Include="..\Installation\EsenthelEngine\Edit\World\WE Object.h">
      <Filter>H\_\Extra\Edit\World</Filter>
    </ClInclude>
    <ClInclude Include="..\Installation\EsenthelEngine\Edit\World\WE.h">
      <Filter>H\_\Extra\Edit\World</Filter>
    </ClInclude>
    <ClInclude Include="..\Installation\EsenthelEngine\File\File.h">
      <Filter>H\File</Filter>
    </ClInclude>
    <ClInclude Include="..\Installation\EsenthelEngine\File\IO.h">
      <Filter>H\File</Filter>
    </ClInclude>
    <ClInclude Include="..\Installation\EsenthelEngine\File\Pak.h">
      <Filter>H\File</Filter>
    </ClInclude>
    <ClInclude Include="..\Installation\EsenthelEngine\File\Chunk.h">
      <Filter>H\File</Filter>
    </ClInclude>
    <ClInclude Include="..\Installation\EsenthelEngine\File\File Text.h">
      <Filter>H\File</Filter>
    </ClInclude>
    <ClInclude Include="..\Installation\EsenthelEngine\File\File Xml.h">
      <Filter>H\File</Filter>
    </ClInclude>
    <ClInclude Include="..\Installation\EsenthelEngine\Edit\Editor.h">
      <Filter>H\_\Extra\Edit</Filter>
    </ClInclude>
    <ClInclude Include="..\Installation\EsenthelEngine\Input\Mouse.h">
      <Filter>H\Input</Filter>
    </ClInclude>
    <ClInclude Include="..\Installation\EsenthelEngine\Input\Touch.h">
      <Filter>H\Input</Filter>
    </ClInclude>
    <ClInclude Include="..\Installation\EsenthelEngine\Input\Input Buttons.h">
      <Filter>H\Input</Filter>
    </ClInclude>
    <ClInclude Include="..\Installation\EsenthelEngine\Input\Input.h">
      <Filter>H\Input</Filter>
    </ClInclude>
    <ClInclude Include="..\Installation\EsenthelEngine\Input\Joypad.h">
      <Filter>H\Input</Filter>
    </ClInclude>
    <ClInclude Include="..\Installation\EsenthelEngine\Input\Keyboard.h">
      <Filter>H\Input</Filter>
    </ClInclude>
    <ClInclude Include="..\Installation\EsenthelEngine\Math\Shapes\Capsule.h">
      <Filter>H\Math\Shapes</Filter>
    </ClInclude>
    <ClInclude Include="..\Installation\EsenthelEngine\Math\Shapes\Circle.h">
      <Filter>H\Math\Shapes</Filter>
    </ClInclude>
    <ClInclude Include="..\Installation\EsenthelEngine\Math\Shapes\Cone.h">
      <Filter>H\Math\Shapes</Filter>
    </ClInclude>
    <ClInclude Include="..\Installation\EsenthelEngine\Math\Shapes\Edge.h">
      <Filter>H\Math\Shapes</Filter>
    </ClInclude>
    <ClInclude Include="..\Installation\EsenthelEngine\Math\Shapes\Plane.h">
      <Filter>H\Math\Shapes</Filter>
    </ClInclude>
    <ClInclude Include="..\Installation\EsenthelEngine\Math\Shapes\Polygon.h">
      <Filter>H\Math\Shapes</Filter>
    </ClInclude>
    <ClInclude Include="..\Installation\EsenthelEngine\Math\Shapes\Pyramid.h">
      <Filter>H\Math\Shapes</Filter>
    </ClInclude>
    <ClInclude Include="..\Installation\EsenthelEngine\Math\Shapes\Quad.h">
      <Filter>H\Math\Shapes</Filter>
    </ClInclude>
    <ClInclude Include="..\Installation\EsenthelEngine\Math\Shapes\Rectangle.h">
      <Filter>H\Math\Shapes</Filter>
    </ClInclude>
    <ClInclude Include="..\Installation\EsenthelEngine\Math\Shapes\Torus.h">
      <Filter>H\Math\Shapes</Filter>
    </ClInclude>
    <ClInclude Include="..\Installation\EsenthelEngine\Math\Shapes\Triangle.h">
      <Filter>H\Math\Shapes</Filter>
    </ClInclude>
    <ClInclude Include="..\Installation\EsenthelEngine\Math\Shapes\Tube.h">
      <Filter>H\Math\Shapes</Filter>
    </ClInclude>
    <ClInclude Include="..\Installation\EsenthelEngine\Math\Shapes\Ball.h">
      <Filter>H\Math\Shapes</Filter>
    </ClInclude>
    <ClInclude Include="..\Installation\EsenthelEngine\Math\Shapes\Box.h">
      <Filter>H\Math\Shapes</Filter>
    </ClInclude>
    <ClInclude Include="..\Installation\EsenthelEngine\Math\Random.h">
      <Filter>H\Math</Filter>
    </ClInclude>
    <ClInclude Include="..\Installation\EsenthelEngine\Math\Shape.h">
      <Filter>H\Math</Filter>
    </ClInclude>
    <ClInclude Include="..\Installation\EsenthelEngine\Math\Vector.h">
      <Filter>H\Math</Filter>
    </ClInclude>
    <ClInclude Include="..\Installation\EsenthelEngine\Math\Calculate.h">
      <Filter>H\Math</Filter>
    </ClInclude>
    <ClInclude Include="..\Installation\EsenthelEngine\Math\Camera.h">
      <Filter>H\Math</Filter>
    </ClInclude>
    <ClInclude Include="..\Installation\EsenthelEngine\Math\Frustum.h">
      <Filter>H\Math</Filter>
    </ClInclude>
    <ClInclude Include="..\Installation\EsenthelEngine\Math\Math.h">
      <Filter>H\Math</Filter>
    </ClInclude>
    <ClInclude Include="..\Installation\EsenthelEngine\Math\Matrix.h">
      <Filter>H\Math</Filter>
    </ClInclude>
    <ClInclude Include="..\Installation\EsenthelEngine\Math\Number.h">
      <Filter>H\Math</Filter>
    </ClInclude>
    <ClInclude Include="..\Installation\EsenthelEngine\Math\Orientation.h">
      <Filter>H\Math</Filter>
    </ClInclude>
    <ClInclude Include="..\Installation\EsenthelEngine\Memory\Cache.h">
      <Filter>H\Memory</Filter>
    </ClInclude>
    <ClInclude Include="..\Installation\EsenthelEngine\Memory\Map.h">
      <Filter>H\Memory</Filter>
    </ClInclude>
    <ClInclude Include="..\Installation\EsenthelEngine\Memory\Mem Block.h">
      <Filter>H\Memory</Filter>
    </ClInclude>
    <ClInclude Include="..\Installation\EsenthelEngine\Memory\Mem Continuous.h">
      <Filter>H\Memory</Filter>
    </ClInclude>
    <ClInclude Include="..\Installation\EsenthelEngine\Misc\Param.h">
      <Filter>H\Misc</Filter>
    </ClInclude>
    <ClInclude Include="..\Installation\EsenthelEngine\Misc\Pathfind.h">
      <Filter>H\Misc</Filter>
    </ClInclude>
    <ClInclude Include="..\Installation\EsenthelEngine\Misc\Reference.h">
      <Filter>H\Misc</Filter>
    </ClInclude>
    <ClInclude Include="..\Installation\EsenthelEngine\Misc\Sort.h">
      <Filter>H\Misc</Filter>
    </ClInclude>
    <ClInclude Include="..\Installation\EsenthelEngine\Misc\States.h">
      <Filter>H\Misc</Filter>
    </ClInclude>
    <ClInclude Include="..\Installation\EsenthelEngine\Misc\String.h">
      <Filter>H\Misc</Filter>
    </ClInclude>
    <ClInclude Include="..\Installation\EsenthelEngine\Misc\Theora.h">
      <Filter>H\Misc</Filter>
    </ClInclude>
    <ClInclude Include="..\Installation\EsenthelEngine\Misc\Timer.h">
      <Filter>H\Misc</Filter>
    </ClInclude>
    <ClInclude Include="..\Installation\EsenthelEngine\Misc\UID.h">
      <Filter>H\Misc</Filter>
    </ClInclude>
    <ClInclude Include="..\Installation\EsenthelEngine\Misc\Application.h">
      <Filter>H\Misc</Filter>
    </ClInclude>
    <ClInclude Include="..\Installation\EsenthelEngine\Misc\Compress.h">
      <Filter>H\Misc</Filter>
    </ClInclude>
    <ClInclude Include="..\Installation\EsenthelEngine\Misc\Config.h">
      <Filter>H\Misc</Filter>
    </ClInclude>
    <ClInclude Include="..\Installation\EsenthelEngine\Misc\Cpu.h">
      <Filter>H\Misc</Filter>
    </ClInclude>
    <ClInclude Include="..\Installation\EsenthelEngine\Misc\Date Time.h">
      <Filter>H\Misc</Filter>
    </ClInclude>
    <ClInclude Include="..\Installation\EsenthelEngine\Misc\Enum.h">
      <Filter>H\Misc</Filter>
    </ClInclude>
    <ClInclude Include="..\Installation\EsenthelEngine\Misc\Member.h">
      <Filter>H\Misc</Filter>
    </ClInclude>
    <ClInclude Include="..\Installation\EsenthelEngine\Misc\Misc.h">
      <Filter>H\Misc</Filter>
    </ClInclude>
    <ClInclude Include="..\Installation\EsenthelEngine\Misc\String Functions.h">
      <Filter>H\Misc</Filter>
    </ClInclude>
    <ClInclude Include="..\Installation\EsenthelEngine\Edit\DataPath Select.h">
      <Filter>H\_\Extra\Edit</Filter>
    </ClInclude>
    <ClInclude Include="..\Installation\EsenthelEngine\Mesh\Mesh Render.h">
      <Filter>H\_\Extra\Mesh</Filter>
    </ClInclude>
    <ClInclude Include="..\Installation\EsenthelEngine\Mesh\Mesh Group.h">
      <Filter>H\_\Extra\Mesh</Filter>
    </ClInclude>
    <ClInclude Include="..\Installation\EsenthelEngine\Mesh\Mesh Import.h">
      <Filter>H\_\Extra\Mesh</Filter>
    </ClInclude>
    <ClInclude Include="..\Installation\EsenthelEngine\Math\Quaternion.h">
      <Filter>H\_\Extra\Math</Filter>
    </ClInclude>
    <ClInclude Include="..\Installation\EsenthelEngine\File\Version Control.h">
      <Filter>H\_\Extra\File</Filter>
    </ClInclude>
    <ClInclude Include="..\Installation\EsenthelEngine\Animation\Animation Keys.h">
      <Filter>H\_\Extra\Animation</Filter>
    </ClInclude>
    <ClInclude Include="..\Installation\EsenthelEngine\Memory\Mem List.h">
      <Filter>H\_\Extra\Memory</Filter>
    </ClInclude>
    <ClInclude Include="..\Installation\EsenthelEngine\Memory\Memory.h">
      <Filter>H\_\Extra\Memory</Filter>
    </ClInclude>
    <ClInclude Include="..\Installation\EsenthelEngine\Memory\Grid.h">
      <Filter>H\_\Extra\Memory</Filter>
    </ClInclude>
    <ClInclude Include="..\Installation\EsenthelEngine\Misc\String8.h">
      <Filter>H\_\Extra\Misc</Filter>
    </ClInclude>
    <ClInclude Include="..\Installation\EsenthelEngine\Misc\Character.h">
      <Filter>H\Misc</Filter>
    </ClInclude>
    <ClInclude Include="..\Installation\EsenthelEngine\Memory\Mem Simple.h">
      <Filter>H\Memory</Filter>
    </ClInclude>
    <ClInclude Include="..\Installation\EsenthelEngine\Memory\Mem Extended.h">
      <Filter>H\Memory</Filter>
    </ClInclude>
    <ClInclude Include="..\Installation\EsenthelEngine\Misc\Thread.h">
      <Filter>H\_\Extra\Misc</Filter>
    </ClInclude>
    <ClInclude Include="..\Installation\EsenthelEngine\Misc\Windows.h">
      <Filter>H\_\Extra\Misc</Filter>
    </ClInclude>
    <ClInclude Include="..\Installation\EsenthelEngine\_\structs.h">
      <Filter>H\_\Extra</Filter>
    </ClInclude>
    <ClInclude Include="stdafx.h">
      <Filter>H\_\Extra</Filter>
    </ClInclude>
    <ClInclude Include="..\Installation\EsenthelEngine\_\warnings.h">
      <Filter>H\_\Extra</Filter>
    </ClInclude>
    <ClInclude Include="..\Installation\EsenthelEngine\Game\Objects\Kinematic.h">
      <Filter>H\Game\Objects</Filter>
    </ClInclude>
    <ClInclude Include="..\Installation\EsenthelEngine\Game\Objects\Obj Light Cone.h">
      <Filter>H\Game\Objects</Filter>
    </ClInclude>
    <ClInclude Include="..\Installation\EsenthelEngine\Game\Objects\Obj Light Point.h">
      <Filter>H\Game\Objects</Filter>
    </ClInclude>
    <ClInclude Include="..\Installation\EsenthelEngine\Game\Objects\Obj Particles.h">
      <Filter>H\Game\Objects</Filter>
    </ClInclude>
    <ClInclude Include="..\Installation\EsenthelEngine\Game\Objects\Static.h">
      <Filter>H\Game\Objects</Filter>
    </ClInclude>
    <ClInclude Include="..\Installation\EsenthelEngine\Game\Objects\Animatable.h">
      <Filter>H\Game\Objects</Filter>
    </ClInclude>
    <ClInclude Include="..\Installation\EsenthelEngine\Game\Objects\Character.h">
      <Filter>H\Game\Objects</Filter>
    </ClInclude>
    <ClInclude Include="..\Installation\EsenthelEngine\Game\Objects\Destructible.h">
      <Filter>H\Game\Objects</Filter>
    </ClInclude>
    <ClInclude Include="..\Installation\EsenthelEngine\Game\Objects\Door.h">
      <Filter>H\Game\Objects</Filter>
    </ClInclude>
    <ClInclude Include="..\Installation\EsenthelEngine\Game\Objects\Item.h">
      <Filter>H\Game\Objects</Filter>
    </ClInclude>
    <ClInclude Include="..\Installation\EsenthelEngine\Game\Mini Map.h">
      <Filter>H\Game</Filter>
    </ClInclude>
    <ClInclude Include="..\Installation\EsenthelEngine\Game\Object Params.h">
      <Filter>H\Game</Filter>
    </ClInclude>
    <ClInclude Include="..\Installation\EsenthelEngine\Game\Object.h">
      <Filter>H\Game</Filter>
    </ClInclude>
    <ClInclude Include="..\Installation\EsenthelEngine\Game\Waypoint.h">
      <Filter>H\Game</Filter>
    </ClInclude>
    <ClInclude Include="..\Installation\EsenthelEngine\Game\World.h">
      <Filter>H\Game</Filter>
    </ClInclude>
    <ClInclude Include="..\Installation\EsenthelEngine\Game\Area.h">
      <Filter>H\Game</Filter>
    </ClInclude>
    <ClInclude Include="..\Installation\EsenthelEngine\Gui\Objects\Color Picker.h">
      <Filter>H\Gui\Objects</Filter>
    </ClInclude>
    <ClInclude Include="..\Installation\EsenthelEngine\Gui\Objects\ComboBox.h">
      <Filter>H\Gui\Objects</Filter>
    </ClInclude>
    <ClInclude Include="..\Installation\EsenthelEngine\Gui\Objects\Context Menu.h">
      <Filter>H\Gui\Objects</Filter>
    </ClInclude>
    <ClInclude Include="..\Installation\EsenthelEngine\Gui\Objects\Desktop.h">
      <Filter>H\Gui\Objects</Filter>
    </ClInclude>
    <ClInclude Include="..\Installation\EsenthelEngine\Gui\Objects\Gui Custom.h">
      <Filter>H\Gui\Objects</Filter>
    </ClInclude>
    <ClInclude Include="..\Installation\EsenthelEngine\Gui\Objects\Gui Image.h">
      <Filter>H\Gui\Objects</Filter>
    </ClInclude>
    <ClInclude Include="..\Installation\EsenthelEngine\Gui\Objects\List.h">
      <Filter>H\Gui\Objects</Filter>
    </ClInclude>
    <ClInclude Include="..\Installation\EsenthelEngine\Gui\Objects\Menu.h">
      <Filter>H\Gui\Objects</Filter>
    </ClInclude>
    <ClInclude Include="..\Installation\EsenthelEngine\Gui\Objects\Progress.h">
      <Filter>H\Gui\Objects</Filter>
    </ClInclude>
    <ClInclude Include="..\Installation\EsenthelEngine\Gui\Objects\Property.h">
      <Filter>H\Gui\Objects</Filter>
    </ClInclude>
    <ClInclude Include="..\Installation\EsenthelEngine\Gui\Objects\Region.h">
      <Filter>H\Gui\Objects</Filter>
    </ClInclude>
    <ClInclude Include="..\Installation\EsenthelEngine\Gui\Objects\SlideBar.h">
      <Filter>H\Gui\Objects</Filter>
    </ClInclude>
    <ClInclude Include="..\Installation\EsenthelEngine\Gui\Objects\Slider.h">
      <Filter>H\Gui\Objects</Filter>
    </ClInclude>
    <ClInclude Include="..\Installation\EsenthelEngine\Gui\Objects\Tabs.h">
      <Filter>H\Gui\Objects</Filter>
    </ClInclude>
    <ClInclude Include="..\Installation\EsenthelEngine\Gui\Objects\Text.h">
      <Filter>H\Gui\Objects</Filter>
    </ClInclude>
    <ClInclude Include="..\Installation\EsenthelEngine\Gui\Objects\TextBox.h">
      <Filter>H\Gui\Objects</Filter>
    </ClInclude>
    <ClInclude Include="..\Installation\EsenthelEngine\Gui\Objects\TextLine.h">
      <Filter>H\Gui\Objects</Filter>
    </ClInclude>
    <ClInclude Include="..\Installation\EsenthelEngine\Gui\Objects\Viewport.h">
      <Filter>H\Gui\Objects</Filter>
    </ClInclude>
    <ClInclude Include="..\Installation\EsenthelEngine\Gui\Objects\Window IO.h">
      <Filter>H\Gui\Objects</Filter>
    </ClInclude>
    <ClInclude Include="..\Installation\EsenthelEngine\Gui\Objects\Window.h">
      <Filter>H\Gui\Objects</Filter>
    </ClInclude>
    <ClInclude Include="..\Installation\EsenthelEngine\Gui\Objects\Button.h">
      <Filter>H\Gui\Objects</Filter>
    </ClInclude>
    <ClInclude Include="..\Installation\EsenthelEngine\Gui\Objects\CheckBox.h">
      <Filter>H\Gui\Objects</Filter>
    </ClInclude>
    <ClInclude Include="..\Installation\EsenthelEngine\Gui\Gui.h">
      <Filter>H\Gui</Filter>
    </ClInclude>
    <ClInclude Include="..\Installation\EsenthelEngine\Gui\Gui Object.h">
      <Filter>H\Gui</Filter>
    </ClInclude>
    <ClInclude Include="..\Installation\EsenthelEngine\Gui\Gui Style.h">
      <Filter>H\Gui</Filter>
    </ClInclude>
    <ClInclude Include="..\Installation\EsenthelEngine\_\headers.h">
      <Filter>H\_</Filter>
    </ClInclude>
    <ClInclude Include="..\Installation\EsenthelEngine\Net\Socket.h">
      <Filter>H\_\Extra\Net</Filter>
    </ClInclude>
    <ClInclude Include="..\Installation\EsenthelEngine\Gui\Font.h">
      <Filter>H\Gui</Filter>
    </ClInclude>
    <ClInclude Include="..\Installation\EsenthelEngine\Gui\Text Draw Settings.h">
      <Filter>H\Gui</Filter>
    </ClInclude>
    <ClInclude Include="..\Installation\EsenthelEngine\Memory\Node.h">
      <Filter>H\Memory</Filter>
    </ClInclude>
    <ClInclude Include="..\Installation\EsenthelEngine\Physics\KController.h">
      <Filter>H\Physics</Filter>
    </ClInclude>
    <ClInclude Include="..\Installation\EsenthelEngine\Edit\Heightmap.h">
      <Filter>H\_\Extra\Edit</Filter>
    </ClInclude>
    <ClInclude Include="..\Installation\EsenthelEngine\Net\Sql.h">
      <Filter>H\Net</Filter>
    </ClInclude>
    <ClInclude Include="..\Installation\EsenthelEngine\Net\Patcher.h">
      <Filter>H\Net</Filter>
    </ClInclude>
    <ClInclude Include="..\Installation\EsenthelEngine\Edit\Blocks.h">
      <Filter>H\_\Extra\Edit</Filter>
    </ClInclude>
    <ClInclude Include="..\Installation\EsenthelEngine\Net\Interpolator.h">
      <Filter>H\Net</Filter>
    </ClInclude>
    <ClInclude Include="..\Installation\EsenthelEngine\Misc\Pathfind 2D.h">
      <Filter>H\Misc</Filter>
    </ClInclude>
  </ItemGroup>
  <ItemGroup>
    <None Include="icon.ico">
      <Filter>H\_\Extra</Filter>
    </None>
  </ItemGroup>
  <ItemGroup>
    <ResourceCompile Include="resource.rc">
      <Filter>H\_\Extra</Filter>
    </ResourceCompile>
  </ItemGroup>
</Project>